
Microsoft Visual Studio Solution File, Format Version 12.00
Project("{FAE04EC0-301F-11D3-BF4B-00C04F79EFBC}") = "Un.Domain", "Un.Domain\Un.Domain.csproj", "{4C5EE6F2-A9E2-4C09-8764-E00806949A55}"
EndProject
Project("{FAE04EC0-301F-11D3-BF4B-00C04F79EFBC}") = "Un.Domain.Tests", "Un.Domain.Tests\Un.Domain.Tests.csproj", "{0C6247F3-BB62-489B-9449-990F8B636128}"
EndProject
Global
	GlobalSection(SolutionConfigurationPlatforms) = preSolution
		Debug|Any CPU = Debug|Any CPU
		Release|Any CPU = Release|Any CPU
	EndGlobalSection
	GlobalSection(ProjectConfigurationPlatforms) = postSolution
		{4C5EE6F2-A9E2-4C09-8764-E00806949A55}.Debug|Any CPU.ActiveCfg = Debug|Any CPU
		{4C5EE6F2-A9E2-4C09-8764-E00806949A55}.Debug|Any CPU.Build.0 = Debug|Any CPU
		{4C5EE6F2-A9E2-4C09-8764-E00806949A55}.Release|Any CPU.ActiveCfg = Release|Any CPU
		{4C5EE6F2-A9E2-4C09-8764-E00806949A55}.Release|Any CPU.Build.0 = Release|Any CPU
		{0C6247F3-BB62-489B-9449-990F8B636128}.Debug|Any CPU.ActiveCfg = Debug|Any CPU
		{0C6247F3-BB62-489B-9449-990F8B636128}.Debug|Any CPU.Build.0 = Debug|Any CPU
		{0C6247F3-BB62-489B-9449-990F8B636128}.Release|Any CPU.ActiveCfg = Release|Any CPU
		{0C6247F3-BB62-489B-9449-990F8B636128}.Release|Any CPU.Build.0 = Release|Any CPU
	EndGlobalSection
EndGlobal
